# aicontext.lock — auto-generated, do not edit manually

packages:
  __mcp_configs__:
    timestamp: 2026-06-21T22:54:01Z
    files:
      - mcp:github-remote
      - mcp:amiga-python-2
      - mcp:api-certification
      - mcp:api-designer
      - mcp:devhub
      - mcp:geppetto
      - .vscode/mcp.json
  moya:
    version: latest
    source: github:inditex/cac-moyaagentrules
    timestamp: 2026-06-21T22:54:01Z
    select_hash: 2662501720
    files:
      - packages/moya/skills/aidev-code/references/testing.md
      - packages/moya/skills/aidev-code/references/security.md
      - packages/moya/skills/aidev-code/SKILL.md
      - packages/moya/skills/aidev-explore/references/explore-agent-prompt.md
      - packages/moya/skills/aidev-explore/references/agents-doc-contract.yml
      - packages/moya/skills/aidev-explore/references/architecture-doc-contract.yml
      - packages/moya/skills/aidev-explore/scripts/update-agents-local-dev.sh
      - packages/moya/skills/aidev-explore/scripts/update-agents-architecture-context.sh
      - packages/moya/skills/aidev-explore/scripts/detect-repo.sh
      - packages/moya/skills/aidev-explore/scripts/validate-architecture-doc.sh
      - packages/moya/skills/aidev-explore/scripts/validate-agents-doc.sh
      - packages/moya/skills/aidev-explore/scripts/discover-repos.sh
      - packages/moya/skills/aidev-explore/SKILL.md
      - packages/moya/skills/conventional-commits/SKILL.md
      - packages/moya/skills/gh-issue-create/references/bug-report-template.md
      - packages/moya/skills/gh-issue-create/references/task-template.md
      - packages/moya/skills/gh-issue-create/references/feature-request-template.md
      - packages/moya/skills/gh-issue-create/SKILL.md
      - packages/moya/skills/gh-issue-comment/references/follow-up-comment.md
      - packages/moya/skills/gh-issue-comment/references/status-update-comment.md
      - packages/moya/skills/gh-issue-comment/references/resolution-comment.md
      - packages/moya/skills/gh-issue-comment/references/implementation-complete.md
      - packages/moya/skills/gh-issue-comment/SKILL.md
      - packages/moya/skills/gh-pr-create/SKILL.md
      - packages/moya/skills/gh-pr-comment/references/pull-request-comment.md
      - packages/moya/skills/gh-pr-comment/references/code-feedback-comment.md
      - packages/moya/skills/gh-pr-comment/references/general-comment.md
      - packages/moya/skills/gh-pr-comment/SKILL.md
      - packages/moya/skills/paas-config/references/integrations-marketplace.md
      - packages/moya/skills/paas-config/references/core-github-cicd.md
      - packages/moya/skills/paas-config/references/core-paas-cd.md
      - packages/moya/skills/paas-config/references/branching-strategy.md
      - packages/moya/skills/paas-config/references/integrations-pipe.md
      - packages/moya/skills/paas-config/SKILL.md
      - packages/moya/skills/inditex-security-analyzer/references/threat-frameworks.md
      - packages/moya/skills/inditex-security-analyzer/references/vulnerability-patterns.md
      - packages/moya/skills/inditex-security-analyzer/SKILL.md
      - packages/moya/skills/inditex-security-analyzer/assets/security-folder-template/knowledge/security-compound.md
      - packages/moya/skills/asdf-allowlist/references/allowed-plugins.md
      - packages/moya/skills/asdf-allowlist/scripts/asdf-check-allowlist.sh
      - packages/moya/skills/asdf-allowlist/SKILL.md
      - packages/moya/skills/asdf-command-not-found/references/recovery-success.md
      - packages/moya/skills/asdf-command-not-found/references/recovery-blocked.md
      - packages/moya/skills/asdf-command-not-found/scripts/asdf-recover.sh
      - packages/moya/skills/asdf-command-not-found/SKILL.md
      - packages/moya/skills/asdf-plugin-add/references/plugin-add-approved.md
      - packages/moya/skills/asdf-plugin-add/references/plugin-not-allowed.md
      - packages/moya/skills/asdf-plugin-add/scripts/asdf-plugin-add.sh
      - packages/moya/skills/asdf-plugin-add/SKILL.md
      - packages/moya/skills/asdf-version-install/references/version-install-approved.md
      - packages/moya/skills/asdf-version-install/references/version-not-allowed.md
      - packages/moya/skills/asdf-version-install/scripts/asdf-version-install.sh
      - packages/moya/skills/asdf-version-install/SKILL.md
      - packages/moya/skills/asdf-version-set/references/version-set-not-allowed.md
      - packages/moya/skills/asdf-version-set/references/version-set-approved.md
      - packages/moya/skills/asdf-version-set/scripts/asdf-version-set.sh
      - packages/moya/skills/asdf-version-set/SKILL.md
      - packages/moya/skills/version-catalog-upgrade/SKILL.md
      - packages/moya/skills/aidev-research/references/sub-agent-0-prompt.md
      - packages/moya/skills/aidev-research/references/mcp-sub-agent-prompt.md
      - packages/moya/skills/aidev-research/SKILL.md
      - packages/moya/skills/aidev-research/assets/research-template.md
      - packages/moya/skills/aidev-plan/references/phase-4-finalize.md
      - packages/moya/skills/aidev-plan/references/interview_guide.md
      - packages/moya/skills/aidev-plan/references/phase-1-initialize.md
      - packages/moya/skills/aidev-plan/references/phase-2-interview.md
      - packages/moya/skills/aidev-plan/references/phase-3-specs.md
      - packages/moya/skills/aidev-plan/SKILL.md
      - packages/moya/skills/aidev-plan/assets/template-plan-session.md
      - packages/moya/skills/aidev-tech-plan/SKILL.md
      - packages/moya/skills/aidev-tech-plan/assets/interview_guide.md
      - packages/moya/skills/aidev-tech-plan/assets/tech-plan-template.md
      - packages/moya/skills/backlog-management/references/edit-workflow.md
      - packages/moya/skills/backlog-management/references/create-workflow.md
      - packages/moya/skills/backlog-management/scripts/gh-issue.sh
      - packages/moya/skills/backlog-management/scripts/gh-project.sh
      - packages/moya/skills/backlog-management/SKILL.md
      - packages/moya/skills/backlog-management/assets/template-spike.md
      - packages/moya/skills/backlog-management/assets/template-user-story.md
      - packages/moya/skills/backlog-management/assets/template-bug.md
      - packages/moya/skills/api-grpc/references/examples.md
      - packages/moya/skills/api-grpc/references/structure-and-organization.md
      - packages/moya/skills/api-grpc/references/design-rules/field-formats.md
      - packages/moya/skills/api-grpc/references/design-rules/fields.md
      - packages/moya/skills/api-grpc/references/design-rules/enums.md
      - packages/moya/skills/api-grpc/references/domain-mapping-table.md
      - packages/moya/skills/api-grpc/references/pagination.md
      - packages/moya/skills/api-grpc/references/naming-conventions.md
      - packages/moya/skills/api-grpc/references/documentation.md
      - packages/moya/skills/api-grpc/references/generation-guidelines.md
      - packages/moya/skills/api-grpc/references/error-handling.md
      - packages/moya/skills/api-grpc/SKILL.md
      - packages/moya/skills/api-grpc/assets/examples.md
      - packages/moya/skills/api-grpc/assets/field-formats.md
      - packages/moya/skills/api-grpc/assets/structure.md
      - packages/moya/skills/api-grpc/assets/pagination.md
      - packages/moya/skills/api-grpc/assets/fields.md
      - packages/moya/skills/api-grpc/assets/enums.md
      - packages/moya/skills/api-grpc/assets/documentation.md
      - packages/moya/skills/api-grpc/assets/error-handling.md
      - packages/moya/skills/api-grpc/assets/naming.md
      - packages/moya/skills/api-events/references/structure-and-organization.md
      - packages/moya/skills/api-events/references/versioning.md
      - packages/moya/skills/api-events/references/bindings.md
      - packages/moya/skills/api-events/references/security-rules.md
      - packages/moya/skills/api-events/references/domain-mapping-table.md
      - packages/moya/skills/api-events/references/examples-enforcement.md
      - packages/moya/skills/api-events/references/message-schema.md
      - packages/moya/skills/api-events/references/channel-naming.md
      - packages/moya/skills/api-events/references/general-principles.md
      - packages/moya/skills/api-events/references/avro-schemas.md
      - packages/moya/skills/api-events/SKILL.md
      - packages/moya/skills/api-events/assets/versioning.md
      - packages/moya/skills/api-events/assets/bindings.md
      - packages/moya/skills/api-events/assets/structure.md
      - packages/moya/skills/api-events/assets/security-rules.md
      - packages/moya/skills/api-events/assets/examples-enforcement.md
      - packages/moya/skills/api-events/assets/message-schema.md
      - packages/moya/skills/api-events/assets/channel-naming.md
      - packages/moya/skills/api-events/assets/avro-schemas.md
      - packages/moya/mcps/github-remote.yaml
      - packages/moya/mcps/amiga-python-2.yml
      - packages/moya/mcps/devhub.yml
      - packages/moya/mcps/geppetto.yml
      - packages/moya/mcps/api-designer.yml
      - packages/moya/mcps/api-certification.yml

conflicts:
